{
    "_readme": [
        "This file locks the dependencies of your project to a known state",
        "Read more about it at https://getcomposer.org/doc/01-basic-usage.md#composer-lock-the-lock-file",
        "This file is @generated automatically"
    ],
    "hash": "cc2910a50f6951ae080e94cb49d9abce",
    "content-hash": "4300053abfb9e55eefe97a2c1bda4bc1",
    "packages": [
        {
            "name": "atrox/matcher",
            "version": "v1.1.0",
            "source": {
                "type": "git",
                "url": "https://github.com/kaja47/Matcher.git",
                "reference": "11eebdb8aca026d5d8f7acde6cdc2bdb119a7519"
            },
            "dist": {
                "type": "zip",
                "url": "https://api.github.com/repos/kaja47/Matcher/zipball/11eebdb8aca026d5d8f7acde6cdc2bdb119a7519",
                "reference": "11eebdb8aca026d5d8f7acde6cdc2bdb119a7519",
                "shasum": ""
            },
            "require": {
                "php": ">=5.3.0"
            },
            "require-dev": {
                "nette/tester": "~1.1"
            },
            "suggest": {
                "symfony/css-selector": "Allows CSS selectors."
            },
            "type": "library",
            "autoload": {
                "psr-4": {
                    "Atrox\\": ""
                }
            },
            "notification-url": "https://packagist.org/downloads/",
            "license": [
                "New BSD"
            ],
            "authors": [
                {
                    "name": "Karel Čížek",
                    "email": "kaja47@k47.cz",
                    "homepage": "http://funkcionalne.cz"
                }
            ],
            "description": "Powerful XML and HTML matching and data extraction library",
            "keywords": [
                "Xpath",
                "html",
                "xml"
            ],
            "time": "2016-03-06 23:39:34"
        },
        {
            "name": "dibi/dibi",
            "version": "v3.0.7",
            "source": {
                "type": "git",
                "url": "https://github.com/dg/dibi.git",
                "reference": "22e6ea4e404504bb23a7075ed54c64e5d9bfb0e2"
            },
            "dist": {
                "type": "zip",
                "url": "https://api.github.com/repos/dg/dibi/zipball/22e6ea4e404504bb23a7075ed54c64e5d9bfb0e2",
                "reference": "22e6ea4e404504bb23a7075ed54c64e5d9bfb0e2",
                "shasum": ""
            },
            "require": {
                "php": ">=5.4.4"
            },
            "replace": {
                "dg/dibi": "*"
            },
            "require-dev": {
                "nette/tester": "~1.7",
                "tracy/tracy": "~2.2"
            },
            "type": "library",
            "extra": {
                "branch-alias": {
                    "dev-master": "3.0-dev"
                }
            },
            "autoload": {
                "classmap": [
                    "src/"
                ],
                "files": [
                    "src/loader.php"
                ]
            },
            "notification-url": "https://packagist.org/downloads/",
            "license": [
                "BSD-3-Clause",
                "GPL-2.0",
                "GPL-3.0"
            ],
            "authors": [
                {
                    "name": "David Grudl",
                    "homepage": "https://davidgrudl.com"
                }
            ],
            "description": "Dibi is Database Abstraction Library for PHP",
            "homepage": "https://dibiphp.com",
            "keywords": [
                "access",
                "database",
                "dbal",
                "mssql",
                "mysql",
                "odbc",
                "oracle",
                "pdo",
                "postgresql",
                "sqlite",
                "sqlsrv"
            ],
            "time": "2017-01-04 14:18:17"
        },
        {
            "name": "pimax/fb-messenger-php",
            "version": "v1.0",
            "source": {
                "type": "git",
                "url": "https://github.com/pimax/fb-messenger-php.git",
                "reference": "9b2d3a4aa9c48ca661ec5566a5b044ecd2e6405d"
            },
            "dist": {
                "type": "zip",
                "url": "https://api.github.com/repos/pimax/fb-messenger-php/zipball/9b2d3a4aa9c48ca661ec5566a5b044ecd2e6405d",
                "reference": "9b2d3a4aa9c48ca661ec5566a5b044ecd2e6405d",
                "shasum": ""
            },
            "require": {
                "php": ">=5.4.0"
            },
            "type": "library",
            "autoload": {
                "psr-4": {
                    "pimax\\": ""
                }
            },
            "notification-url": "https://packagist.org/downloads/",
            "license": [
                "MIT"
            ],
            "authors": [
                {
                    "name": "Max Pinyugin",
                    "email": "m.pinyugin@gmail.com",
                    "homepage": "http://russian-developers.com",
                    "role": "Developer"
                }
            ],
            "description": " Facebook Messenger Bot PHP API",
            "homepage": "https://github.com/pimax/fb-messenger-php",
            "time": "2016-04-20 20:40:27"
        },
        {
            "name": "tracy/tracy",
            "version": "v2.4.6",
            "source": {
                "type": "git",
                "url": "https://github.com/nette/tracy.git",
                "reference": "c9fbca15b0a11d904c7783b7aad114182618d8d4"
            },
            "dist": {
                "type": "zip",
                "url": "https://api.github.com/repos/nette/tracy/zipball/c9fbca15b0a11d904c7783b7aad114182618d8d4",
                "reference": "c9fbca15b0a11d904c7783b7aad114182618d8d4",
                "shasum": ""
            },
            "require": {
                "ext-json": "*",
                "ext-session": "*",
                "php": ">=5.4.4"
            },
            "require-dev": {
                "nette/di": "~2.3",
                "nette/tester": "~2.0"
            },
            "type": "library",
            "extra": {
                "branch-alias": {
                    "dev-master": "2.4-dev"
                }
            },
            "autoload": {
                "classmap": [
                    "src"
                ],
                "files": [
                    "src/shortcuts.php"
                ]
            },
            "notification-url": "https://packagist.org/downloads/",
            "license": [
                "BSD-3-Clause",
                "GPL-2.0",
                "GPL-3.0"
            ],
            "authors": [
                {
                    "name": "David Grudl",
                    "homepage": "https://davidgrudl.com"
                },
                {
                    "name": "Nette Community",
                    "homepage": "https://nette.org/contributors"
                }
            ],
            "description": "Tracy: useful PHP debugger",
            "homepage": "https://tracy.nette.org",
            "keywords": [
                "debug",
                "debugger",
                "nette"
            ],
            "time": "2017-01-29 19:39:20"
        }
    ],
    "packages-dev": [],
    "aliases": [],
    "minimum-stability": "stable",
    "stability-flags": [],
    "prefer-stable": false,
    "prefer-lowest": false,
    "platform": [],
    "platform-dev": []
}
